// !$*UTF8*$!
{
	archiveVersion = 1;
	classes = {
	};
	objectVersion = 46;
	objects = {

/* Begin PBXBuildFile section */
		AE46EA9E142B66800034788B /* icon-status-available.png in Resources */ = {isa = PBXBuildFile; fileRef = AE46EA9C142B66800034788B /* icon-status-available.png */; };
		AE46EA9F142B66800034788B /* icon-status-cancelled.png in Resources */ = {isa = PBXBuildFile; fileRef = AE46EA9D142B66800034788B /* icon-status-cancelled.png */; };
		AE46EAA1142BB3200034788B /* On.aif in Resources */ = {isa = PBXBuildFile; fileRef = AE46EAA0142BB3200034788B /* On.aif */; };
		AE46EAA3142BB3800034788B /* AVFoundation.framework in Frameworks */ = {isa = PBXBuildFile; fileRef = AE46EAA2142BB3800034788B /* AVFoundation.framework */; };
		AE7CD485142D2C3A00B6BF5C /* MessageViewController.m in Sources */ = {isa = PBXBuildFile; fileRef = AE7CD484142D2C3A00B6BF5C /* MessageViewController.m */; };
		AE83A48514277FE800EB7010 /* arrow-down.png in Resources */ = {isa = PBXBuildFile; fileRef = AE83A48314277FE800EB7010 /* arrow-down.png */; };
		AE83A48614277FE800EB7010 /* arrow-up.png in Resources */ = {isa = PBXBuildFile; fileRef = AE83A48414277FE800EB7010 /* arrow-up.png */; };
		AE9821831427841D00AE3760 /* UploadViewController.m in Sources */ = {isa = PBXBuildFile; fileRef = AE9821821427841D00AE3760 /* UploadViewController.m */; };
		AE9821861427884000AE3760 /* LoginViewController.m in Sources */ = {isa = PBXBuildFile; fileRef = AE9821851427884000AE3760 /* LoginViewController.m */; };
		AE98218D1428A06300AE3760 /* ichat black.png in Resources */ = {isa = PBXBuildFile; fileRef = AE98218C1428A06300AE3760 /* ichat black.png */; };
		AEC5C5F01428A62C00B92BED /* atom_icon57.png in Resources */ = {isa = PBXBuildFile; fileRef = AEC5C5EF1428A62C00B92BED /* atom_icon57.png */; };
		AEC5C5F31428A75D00B92BED /* atom_icon114.png in Resources */ = {isa = PBXBuildFile; fileRef = AEC5C5F21428A75D00B92BED /* atom_icon114.png */; };
		AEE0CCCF1419577B0085DA61 /* UIKit.framework in Frameworks */ = {isa = PBXBuildFile; fileRef = AEE0CCCE1419577B0085DA61 /* UIKit.framework */; };
		AEE0CCD11419577B0085DA61 /* Foundation.framework in Frameworks */ = {isa = PBXBuildFile; fileRef = AEE0CCD01419577B0085DA61 /* Foundation.framework */; };
		AEE0CCD31419577B0085DA61 /* CoreGraphics.framework in Frameworks */ = {isa = PBXBuildFile; fileRef = AEE0CCD21419577B0085DA61 /* CoreGraphics.framework */; };
		AEE0CCD91419577B0085DA61 /* InfoPlist.strings in Resources */ = {isa = PBXBuildFile; fileRef = AEE0CCD71419577B0085DA61 /* InfoPlist.strings */; };
		AEE0CCDB1419577B0085DA61 /* main.m in Sources */ = {isa = PBXBuildFile; fileRef = AEE0CCDA1419577B0085DA61 /* main.m */; };
		AEE0CCDF1419577B0085DA61 /* AppDelegate.m in Sources */ = {isa = PBXBuildFile; fileRef = AEE0CCDE1419577B0085DA61 /* AppDelegate.m */; };
		AEE0CCE21419577C0085DA61 /* MainStoryboard_iPhone.storyboard in Resources */ = {isa = PBXBuildFile; fileRef = AEE0CCE01419577C0085DA61 /* MainStoryboard_iPhone.storyboard */; };
		AEE0CCE51419577C0085DA61 /* MainStoryboard_iPad.storyboard in Resources */ = {isa = PBXBuildFile; fileRef = AEE0CCE31419577C0085DA61 /* MainStoryboard_iPad.storyboard */; };
		AEE0CCE81419577C0085DA61 /* MainViewController.m in Sources */ = {isa = PBXBuildFile; fileRef = AEE0CCE71419577C0085DA61 /* MainViewController.m */; };
		AEE0CCF9141958D70085DA61 /* UIKit.framework in Frameworks */ = {isa = PBXBuildFile; fileRef = AEE0CCF0141958D70085DA61 /* UIKit.framework */; };
		AEE0CCFA141958D70085DA61 /* Foundation.framework in Frameworks */ = {isa = PBXBuildFile; fileRef = AEE0CCF1141958D70085DA61 /* Foundation.framework */; };
		AEE0CCFB141958D70085DA61 /* CoreGraphics.framework in Frameworks */ = {isa = PBXBuildFile; fileRef = AEE0CCF2141958D70085DA61 /* CoreGraphics.framework */; };
		AEE0CCFC141958D70085DA61 /* libxml2.dylib in Frameworks */ = {isa = PBXBuildFile; fileRef = AEE0CCF3141958D70085DA61 /* libxml2.dylib */; };
		AEE0CCFD141958D70085DA61 /* CFNetwork.framework in Frameworks */ = {isa = PBXBuildFile; fileRef = AEE0CCF4141958D70085DA61 /* CFNetwork.framework */; };
		AEE0CCFE141958D70085DA61 /* libresolv.dylib in Frameworks */ = {isa = PBXBuildFile; fileRef = AEE0CCF5141958D70085DA61 /* libresolv.dylib */; };
		AEE0CCFF141958D70085DA61 /* CoreData.framework in Frameworks */ = {isa = PBXBuildFile; fileRef = AEE0CCF6141958D70085DA61 /* CoreData.framework */; };
		AEE0CD00141958D70085DA61 /* CoreLocation.framework in Frameworks */ = {isa = PBXBuildFile; fileRef = AEE0CCF7141958D70085DA61 /* CoreLocation.framework */; };
		AEE0CD01141958D70085DA61 /* SystemConfiguration.framework in Frameworks */ = {isa = PBXBuildFile; fileRef = AEE0CCF8141958D70085DA61 /* SystemConfiguration.framework */; };
		AEE7F5A91428D97D006FEBCC /* MobileCoreServices.framework in Frameworks */ = {isa = PBXBuildFile; fileRef = AEE7F5A81428D97D006FEBCC /* MobileCoreServices.framework */; };
		AEFF77BE1429D8B80097DDD7 /* upload white icon.png in Resources */ = {isa = PBXBuildFile; fileRef = AEFF77BD1429D8B80097DDD7 /* upload white icon.png */; };
		AEFF77C01429DAA00097DDD7 /* swipe gesture.png in Resources */ = {isa = PBXBuildFile; fileRef = AEFF77BF1429DAA00097DDD7 /* swipe gesture.png */; };
		AEFF77C2142A1DCD0097DDD7 /* libxmpp-ios.a in Frameworks */ = {isa = PBXBuildFile; fileRef = AEFF77C1142A1DCD0097DDD7 /* libxmpp-ios.a */; };
/* End PBXBuildFile section */

/* Begin PBXFileReference section */
		AE46EA9C142B66800034788B /* icon-status-available.png */ = {isa = PBXFileReference; lastKnownFileType = image.png; path = "icon-status-available.png"; sourceTree = "<group>"; };
		AE46EA9D142B66800034788B /* icon-status-cancelled.png */ = {isa = PBXFileReference; lastKnownFileType = image.png; path = "icon-status-cancelled.png"; sourceTree = "<group>"; };
		AE46EAA0142BB3200034788B /* On.aif */ = {isa = PBXFileReference; lastKnownFileType = file; path = On.aif; sourceTree = "<group>"; };
		AE46EAA2142BB3800034788B /* AVFoundation.framework */ = {isa = PBXFileReference; lastKnownFileType = wrapper.framework; name = AVFoundation.framework; path = System/Library/Frameworks/AVFoundation.framework; sourceTree = SDKROOT; };
		AE46EAA4142BBF7C0034788B /* CoreFoundation.framework */ = {isa = PBXFileReference; lastKnownFileType = wrapper.framework; name = CoreFoundation.framework; path = System/Library/Frameworks/CoreFoundation.framework; sourceTree = SDKROOT; };
		AE46EAA6142BBFB80034788B /* CoreAudio.framework */ = {isa = PBXFileReference; lastKnownFileType = wrapper.framework; name = CoreAudio.framework; path = System/Library/Frameworks/CoreAudio.framework; sourceTree = SDKROOT; };
		AE4DE079142C81D800ACE1AE /* SciHubMessageDelegate.h */ = {isa = PBXFileReference; fileEncoding = 4; lastKnownFileType = sourcecode.c.h; path = SciHubMessageDelegate.h; sourceTree = "<group>"; };
		AE7CD476142CC02C00B6BF5C /* SciHubOnlineDelegate.h */ = {isa = PBXFileReference; fileEncoding = 4; lastKnownFileType = sourcecode.c.h; path = SciHubOnlineDelegate.h; sourceTree = "<group>"; };
		AE7CD483142D2C3A00B6BF5C /* MessageViewController.h */ = {isa = PBXFileReference; fileEncoding = 4; lastKnownFileType = sourcecode.c.h; path = MessageViewController.h; sourceTree = "<group>"; };
		AE7CD484142D2C3A00B6BF5C /* MessageViewController.m */ = {isa = PBXFileReference; fileEncoding = 4; lastKnownFileType = sourcecode.c.objc; path = MessageViewController.m; sourceTree = "<group>"; };
		AE83A48314277FE800EB7010 /* arrow-down.png */ = {isa = PBXFileReference; lastKnownFileType = image.png; path = "arrow-down.png"; sourceTree = "<group>"; };
		AE83A48414277FE800EB7010 /* arrow-up.png */ = {isa = PBXFileReference; lastKnownFileType = image.png; path = "arrow-up.png"; sourceTree = "<group>"; };
		AE9821811427841D00AE3760 /* UploadViewController.h */ = {isa = PBXFileReference; fileEncoding = 4; lastKnownFileType = sourcecode.c.h; path = UploadViewController.h; sourceTree = "<group>"; };
		AE9821821427841D00AE3760 /* UploadViewController.m */ = {isa = PBXFileReference; fileEncoding = 4; lastKnownFileType = sourcecode.c.objc; path = UploadViewController.m; sourceTree = "<group>"; };
		AE9821841427884000AE3760 /* LoginViewController.h */ = {isa = PBXFileReference; fileEncoding = 4; lastKnownFileType = sourcecode.c.h; path = LoginViewController.h; sourceTree = "<group>"; };
		AE9821851427884000AE3760 /* LoginViewController.m */ = {isa = PBXFileReference; fileEncoding = 4; lastKnownFileType = sourcecode.c.objc; path = LoginViewController.m; sourceTree = "<group>"; };
		AE98218C1428A06300AE3760 /* ichat black.png */ = {isa = PBXFileReference; lastKnownFileType = image.png; path = "ichat black.png"; sourceTree = "<group>"; };
		AEC5C5EF1428A62C00B92BED /* atom_icon57.png */ = {isa = PBXFileReference; lastKnownFileType = image.png; name = atom_icon57.png; path = ../atom_icon57.png; sourceTree = "<group>"; };
		AEC5C5F21428A75D00B92BED /* atom_icon114.png */ = {isa = PBXFileReference; lastKnownFileType = image.png; name = atom_icon114.png; path = ../atom_icon114.png; sourceTree = "<group>"; };
		AEE0CCCA1419577B0085DA61 /* SciHub-ios.app */ = {isa = PBXFileReference; explicitFileType = wrapper.application; includeInIndex = 0; path = "SciHub-ios.app"; sourceTree = BUILT_PRODUCTS_DIR; };
		AEE0CCCE1419577B0085DA61 /* UIKit.framework */ = {isa = PBXFileReference; lastKnownFileType = wrapper.framework; name = UIKit.framework; path = System/Library/Frameworks/UIKit.framework; sourceTree = SDKROOT; };
		AEE0CCD01419577B0085DA61 /* Foundation.framework */ = {isa = PBXFileReference; lastKnownFileType = wrapper.framework; name = Foundation.framework; path = System/Library/Frameworks/Foundation.framework; sourceTree = SDKROOT; };
		AEE0CCD21419577B0085DA61 /* CoreGraphics.framework */ = {isa = PBXFileReference; lastKnownFileType = wrapper.framework; name = CoreGraphics.framework; path = System/Library/Frameworks/CoreGraphics.framework; sourceTree = SDKROOT; };
		AEE0CCD61419577B0085DA61 /* SciHub-ios-Info.plist */ = {isa = PBXFileReference; lastKnownFileType = text.plist.xml; path = "SciHub-ios-Info.plist"; sourceTree = "<group>"; };
		AEE0CCD81419577B0085DA61 /* en */ = {isa = PBXFileReference; lastKnownFileType = text.plist.strings; name = en; path = en.lproj/InfoPlist.strings; sourceTree = "<group>"; };
		AEE0CCDA1419577B0085DA61 /* main.m */ = {isa = PBXFileReference; lastKnownFileType = sourcecode.c.objc; path = main.m; sourceTree = "<group>"; };
		AEE0CCDC1419577B0085DA61 /* SciHub-ios-Prefix.pch */ = {isa = PBXFileReference; lastKnownFileType = sourcecode.c.h; path = "SciHub-ios-Prefix.pch"; sourceTree = "<group>"; };
		AEE0CCDD1419577B0085DA61 /* AppDelegate.h */ = {isa = PBXFileReference; lastKnownFileType = sourcecode.c.h; path = AppDelegate.h; sourceTree = "<group>"; };
		AEE0CCDE1419577B0085DA61 /* AppDelegate.m */ = {isa = PBXFileReference; lastKnownFileType = sourcecode.c.objc; path = AppDelegate.m; sourceTree = "<group>"; };
		AEE0CCE11419577C0085DA61 /* en */ = {isa = PBXFileReference; lastKnownFileType = file.storyboard; name = en; path = en.lproj/MainStoryboard_iPhone.storyboard; sourceTree = "<group>"; };
		AEE0CCE41419577C0085DA61 /* en */ = {isa = PBXFileReference; lastKnownFileType = file.storyboard; name = en; path = en.lproj/MainStoryboard_iPad.storyboard; sourceTree = "<group>"; };
		AEE0CCE61419577C0085DA61 /* MainViewController.h */ = {isa = PBXFileReference; lastKnownFileType = sourcecode.c.h; path = MainViewController.h; sourceTree = "<group>"; };
		AEE0CCE71419577C0085DA61 /* MainViewController.m */ = {isa = PBXFileReference; lastKnownFileType = sourcecode.c.objc; path = MainViewController.m; sourceTree = "<group>"; };
		AEE0CCF0141958D70085DA61 /* UIKit.framework */ = {isa = PBXFileReference; lastKnownFileType = wrapper.framework; name = UIKit.framework; path = System/Library/Frameworks/UIKit.framework; sourceTree = SDKROOT; };
		AEE0CCF1141958D70085DA61 /* Foundation.framework */ = {isa = PBXFileReference; lastKnownFileType = wrapper.framework; name = Foundation.framework; path = System/Library/Frameworks/Foundation.framework; sourceTree = SDKROOT; };
		AEE0CCF2141958D70085DA61 /* CoreGraphics.framework */ = {isa = PBXFileReference; lastKnownFileType = wrapper.framework; name = CoreGraphics.framework; path = System/Library/Frameworks/CoreGraphics.framework; sourceTree = SDKROOT; };
		AEE0CCF3141958D70085DA61 /* libxml2.dylib */ = {isa = PBXFileReference; lastKnownFileType = "compiled.mach-o.dylib"; name = libxml2.dylib; path = usr/lib/libxml2.dylib; sourceTree = SDKROOT; };
		AEE0CCF4141958D70085DA61 /* CFNetwork.framework */ = {isa = PBXFileReference; lastKnownFileType = wrapper.framework; name = CFNetwork.framework; path = System/Library/Frameworks/CFNetwork.framework; sourceTree = SDKROOT; };
		AEE0CCF5141958D70085DA61 /* libresolv.dylib */ = {isa = PBXFileReference; lastKnownFileType = "compiled.mach-o.dylib"; name = libresolv.dylib; path = usr/lib/libresolv.dylib; sourceTree = SDKROOT; };
		AEE0CCF6141958D70085DA61 /* CoreData.framework */ = {isa = PBXFileReference; lastKnownFileType = wrapper.framework; name = CoreData.framework; path = System/Library/Frameworks/CoreData.framework; sourceTree = SDKROOT; };
		AEE0CCF7141958D70085DA61 /* CoreLocation.framework */ = {isa = PBXFileReference; lastKnownFileType = wrapper.framework; name = CoreLocation.framework; path = System/Library/Frameworks/CoreLocation.framework; sourceTree = SDKROOT; };
		AEE0CCF8141958D70085DA61 /* SystemConfiguration.framework */ = {isa = PBXFileReference; lastKnownFileType = wrapper.framework; name = SystemConfiguration.framework; path = System/Library/Frameworks/SystemConfiguration.framework; sourceTree = SDKROOT; };
		AEE7F5A81428D97D006FEBCC /* MobileCoreServices.framework */ = {isa = PBXFileReference; lastKnownFileType = wrapper.framework; name = MobileCoreServices.framework; path = System/Library/Frameworks/MobileCoreServices.framework; sourceTree = SDKROOT; };
		AEFF77BD1429D8B80097DDD7 /* upload white icon.png */ = {isa = PBXFileReference; lastKnownFileType = image.png; path = "upload white icon.png"; sourceTree = "<group>"; };
		AEFF77BF1429DAA00097DDD7 /* swipe gesture.png */ = {isa = PBXFileReference; lastKnownFileType = image.png; path = "swipe gesture.png"; sourceTree = "<group>"; };
		AEFF77C1142A1DCD0097DDD7 /* libxmpp-ios.a */ = {isa = PBXFileReference; lastKnownFileType = archive.ar; name = "libxmpp-ios.a"; path = "../../../../../Library/Developer/Xcode/DerivedData/xmppws-drhgjkiwuucwuseedtmewrwezaqt/Build/Products/Debug-iphoneos/libxmpp-ios.a"; sourceTree = "<group>"; };
/* End PBXFileReference section */

/* Begin PBXFrameworksBuildPhase section */
		AEE0CCC71419577B0085DA61 /* Frameworks */ = {
			isa = PBXFrameworksBuildPhase;
			buildActionMask = 2147483647;
			files = (
				AE46EAA3142BB3800034788B /* AVFoundation.framework in Frameworks */,
				AEE7F5A91428D97D006FEBCC /* MobileCoreServices.framework in Frameworks */,
				AEE0CCCF1419577B0085DA61 /* UIKit.framework in Frameworks */,
				AEE0CCD11419577B0085DA61 /* Foundation.framework in Frameworks */,
				AEE0CCD31419577B0085DA61 /* CoreGraphics.framework in Frameworks */,
				AEE0CCF9141958D70085DA61 /* UIKit.framework in Frameworks */,
				AEE0CCFA141958D70085DA61 /* Foundation.framework in Frameworks */,
				AEE0CCFB141958D70085DA61 /* CoreGraphics.framework in Frameworks */,
				AEE0CCFC141958D70085DA61 /* libxml2.dylib in Frameworks */,
				AEE0CCFD141958D70085DA61 /* CFNetwork.framework in Frameworks */,
				AEE0CCFE141958D70085DA61 /* libresolv.dylib in Frameworks */,
				AEE0CCFF141958D70085DA61 /* CoreData.framework in Frameworks */,
				AEE0CD00141958D70085DA61 /* CoreLocation.framework in Frameworks */,
				AEE0CD01141958D70085DA61 /* SystemConfiguration.framework in Frameworks */,
				AEFF77C2142A1DCD0097DDD7 /* libxmpp-ios.a in Frameworks */,
			);
			runOnlyForDeploymentPostprocessing = 0;
		};
/* End PBXFrameworksBuildPhase section */

/* Begin PBXGroup section */
		AE7CD474142CBA5100B6BF5C /* delegates */ = {
			isa = PBXGroup;
			children = (
				AE4DE079142C81D800ACE1AE /* SciHubMessageDelegate.h */,
				AE7CD476142CC02C00B6BF5C /* SciHubOnlineDelegate.h */,
			);
			name = delegates;
			sourceTree = "<group>";
		};
		AE98218714278E2900AE3760 /* resources */ = {
			isa = PBXGroup;
			children = (
				AE46EAA0142BB3200034788B /* On.aif */,
				AE46EA9C142B66800034788B /* icon-status-available.png */,
				AE46EA9D142B66800034788B /* icon-status-cancelled.png */,
				AEFF77BF1429DAA00097DDD7 /* swipe gesture.png */,
				AEFF77BD1429D8B80097DDD7 /* upload white icon.png */,
				AEC5C5EF1428A62C00B92BED /* atom_icon57.png */,
				AEC5C5F21428A75D00B92BED /* atom_icon114.png */,
				AE98218C1428A06300AE3760 /* ichat black.png */,
				AE83A48314277FE800EB7010 /* arrow-down.png */,
				AE83A48414277FE800EB7010 /* arrow-up.png */,
			);
			name = resources;
			sourceTree = "<group>";
		};
		AEE0CCBF1419577B0085DA61 = {
			isa = PBXGroup;
			children = (
				AEE0CCD41419577B0085DA61 /* SciHub-ios */,
				AEE0CCCD1419577B0085DA61 /* Frameworks */,
				AEE0CCCB1419577B0085DA61 /* Products */,
			);
			sourceTree = "<group>";
		};
		AEE0CCCB1419577B0085DA61 /* Products */ = {
			isa = PBXGroup;
			children = (
				AEE0CCCA1419577B0085DA61 /* SciHub-ios.app */,
			);
			name = Products;
			sourceTree = "<group>";
		};
		AEE0CCCD1419577B0085DA61 /* Frameworks */ = {
			isa = PBXGroup;
			children = (
				AEFF77C1142A1DCD0097DDD7 /* libxmpp-ios.a */,
				AEE0CCF3141958D70085DA61 /* libxml2.dylib */,
				AEE0CCF5141958D70085DA61 /* libresolv.dylib */,
				AE46EAA6142BBFB80034788B /* CoreAudio.framework */,
				AE46EAA4142BBF7C0034788B /* CoreFoundation.framework */,
				AE46EAA2142BB3800034788B /* AVFoundation.framework */,
				AEE7F5A81428D97D006FEBCC /* MobileCoreServices.framework */,
				AEE0CCF0141958D70085DA61 /* UIKit.framework */,
				AEE0CCF1141958D70085DA61 /* Foundation.framework */,
				AEE0CCF2141958D70085DA61 /* CoreGraphics.framework */,
				AEE0CCF4141958D70085DA61 /* CFNetwork.framework */,
				AEE0CCF6141958D70085DA61 /* CoreData.framework */,
				AEE0CCF7141958D70085DA61 /* CoreLocation.framework */,
				AEE0CCF8141958D70085DA61 /* SystemConfiguration.framework */,
				AEE0CCCE1419577B0085DA61 /* UIKit.framework */,
				AEE0CCD01419577B0085DA61 /* Foundation.framework */,
				AEE0CCD21419577B0085DA61 /* CoreGraphics.framework */,
			);
			name = Frameworks;
			sourceTree = "<group>";
		};
		AEE0CCD41419577B0085DA61 /* SciHub-ios */ = {
			isa = PBXGroup;
			children = (
				AEE0CCDD1419577B0085DA61 /* AppDelegate.h */,
				AEE0CCDE1419577B0085DA61 /* AppDelegate.m */,
				AEE0CCE01419577C0085DA61 /* MainStoryboard_iPhone.storyboard */,
				AE7CD483142D2C3A00B6BF5C /* MessageViewController.h */,
				AE7CD484142D2C3A00B6BF5C /* MessageViewController.m */,
				AEE0CCE61419577C0085DA61 /* MainViewController.h */,
				AEE0CCE71419577C0085DA61 /* MainViewController.m */,
				AE9821811427841D00AE3760 /* UploadViewController.h */,
				AE9821821427841D00AE3760 /* UploadViewController.m */,
				AE9821841427884000AE3760 /* LoginViewController.h */,
				AE9821851427884000AE3760 /* LoginViewController.m */,
				AE7CD474142CBA5100B6BF5C /* delegates */,
				AEE0CCD51419577B0085DA61 /* Supporting Files */,
			);
			path = "SciHub-ios";
			sourceTree = "<group>";
		};
		AEE0CCD51419577B0085DA61 /* Supporting Files */ = {
			isa = PBXGroup;
			children = (
				AEE0CCE31419577C0085DA61 /* MainStoryboard_iPad.storyboard */,
				AE98218714278E2900AE3760 /* resources */,
				AEE0CCD61419577B0085DA61 /* SciHub-ios-Info.plist */,
				AEE0CCD71419577B0085DA61 /* InfoPlist.strings */,
				AEE0CCDA1419577B0085DA61 /* main.m */,
				AEE0CCDC1419577B0085DA61 /* SciHub-ios-Prefix.pch */,
			);
			name = "Supporting Files";
			sourceTree = "<group>";
		};
/* End PBXGroup section */

/* Begin PBXNativeTarget section */
		AEE0CCC91419577B0085DA61 /* SciHub-ios */ = {
			isa = PBXNativeTarget;
			buildConfigurationList = AEE0CCEB1419577C0085DA61 /* Build configuration list for PBXNativeTarget "SciHub-ios" */;
			buildPhases = (
				AEE0CCC61419577B0085DA61 /* Sources */,
				AEE0CCC71419577B0085DA61 /* Frameworks */,
				AEE0CCC81419577B0085DA61 /* Resources */,
			);
			buildRules = (
			);
			dependencies = (
			);
			name = "SciHub-ios";
			productName = "SciHub-ios";
			productReference = AEE0CCCA1419577B0085DA61 /* SciHub-ios.app */;
			productType = "com.apple.product-type.application";
		};
/* End PBXNativeTarget section */

/* Begin PBXProject section */
		AEE0CCC11419577B0085DA61 /* Project object */ = {
			isa = PBXProject;
			attributes = {
				LastUpgradeCheck = 0420;
				ORGANIZATIONNAME = .t;
			};
			buildConfigurationList = AEE0CCC41419577B0085DA61 /* Build configuration list for PBXProject "SciHub-ios" */;
			compatibilityVersion = "Xcode 3.2";
			developmentRegion = English;
			hasScannedForEncodings = 0;
			knownRegions = (
				en,
			);
			mainGroup = AEE0CCBF1419577B0085DA61;
			productRefGroup = AEE0CCCB1419577B0085DA61 /* Products */;
			projectDirPath = "";
			projectRoot = "";
			targets = (
				AEE0CCC91419577B0085DA61 /* SciHub-ios */,
			);
		};
/* End PBXProject section */

/* Begin PBXResourcesBuildPhase section */
		AEE0CCC81419577B0085DA61 /* Resources */ = {
			isa = PBXResourcesBuildPhase;
			buildActionMask = 2147483647;
			files = (
				AEE0CCD91419577B0085DA61 /* InfoPlist.strings in Resources */,
				AEE0CCE21419577C0085DA61 /* MainStoryboard_iPhone.storyboard in Resources */,
				AEE0CCE51419577C0085DA61 /* MainStoryboard_iPad.storyboard in Resources */,
				AE83A48514277FE800EB7010 /* arrow-down.png in Resources */,
				AE83A48614277FE800EB7010 /* arrow-up.png in Resources */,
				AE98218D1428A06300AE3760 /* ichat black.png in Resources */,
				AEC5C5F01428A62C00B92BED /* atom_icon57.png in Resources */,
				AEC5C5F31428A75D00B92BED /* atom_icon114.png in Resources */,
				AEFF77BE1429D8B80097DDD7 /* upload white icon.png in Resources */,
				AEFF77C01429DAA00097DDD7 /* swipe gesture.png in Resources */,
				AE46EA9E142B66800034788B /* icon-status-available.png in Resources */,
				AE46EA9F142B66800034788B /* icon-status-cancelled.png in Resources */,
				AE46EAA1142BB3200034788B /* On.aif in Resources */,
			);
			runOnlyForDeploymentPostprocessing = 0;
		};
/* End PBXResourcesBuildPhase section */

/* Begin PBXSourcesBuildPhase section */
		AEE0CCC61419577B0085DA61 /* Sources */ = {
			isa = PBXSourcesBuildPhase;
			buildActionMask = 2147483647;
			files = (
				AEE0CCDB1419577B0085DA61 /* main.m in Sources */,
				AEE0CCDF1419577B0085DA61 /* AppDelegate.m in Sources */,
				AEE0CCE81419577C0085DA61 /* MainViewController.m in Sources */,
				AE9821831427841D00AE3760 /* UploadViewController.m in Sources */,
				AE9821861427884000AE3760 /* LoginViewController.m in Sources */,
				AE7CD485142D2C3A00B6BF5C /* MessageViewController.m in Sources */,
			);
			runOnlyForDeploymentPostprocessing = 0;
		};
/* End PBXSourcesBuildPhase section */

/* Begin PBXVariantGroup section */
		AEE0CCD71419577B0085DA61 /* InfoPlist.strings */ = {
			isa = PBXVariantGroup;
			children = (
				AEE0CCD81419577B0085DA61 /* en */,
			);
			name = InfoPlist.strings;
			sourceTree = "<group>";
		};
		AEE0CCE01419577C0085DA61 /* MainStoryboard_iPhone.storyboard */ = {
			isa = PBXVariantGroup;
			children = (
				AEE0CCE11419577C0085DA61 /* en */,
			);
			name = MainStoryboard_iPhone.storyboard;
			sourceTree = "<group>";
		};
		AEE0CCE31419577C0085DA61 /* MainStoryboard_iPad.storyboard */ = {
			isa = PBXVariantGroup;
			children = (
				AEE0CCE41419577C0085DA61 /* en */,
			);
			name = MainStoryboard_iPad.storyboard;
			sourceTree = "<group>";
		};
/* End PBXVariantGroup section */

/* Begin XCBuildConfiguration section */
		AEE0CCE91419577C0085DA61 /* Debug */ = {
			isa = XCBuildConfiguration;
			buildSettings = {
				ALWAYS_SEARCH_USER_PATHS = YES;
				ARCHS = "$(ARCHS_STANDARD_32_BIT)";
				CLANG_ENABLE_OBJC_ARC = YES;
				"CODE_SIGN_IDENTITY[sdk=iphoneos*]" = "iPhone Developer";
				COPY_PHASE_STRIP = NO;
				GCC_C_LANGUAGE_STANDARD = gnu99;
				GCC_DYNAMIC_NO_PIC = NO;
				GCC_OPTIMIZATION_LEVEL = 0;
				GCC_PREPROCESSOR_DEFINITIONS = (
					"DEBUG=1",
					"$(inherited)",
				);
				GCC_SYMBOLS_PRIVATE_EXTERN = NO;
				GCC_VERSION = com.apple.compilers.llvm.clang.1_0;
				GCC_WARN_ABOUT_MISSING_PROTOTYPES = YES;
				GCC_WARN_ABOUT_RETURN_TYPE = YES;
				GCC_WARN_UNUSED_VARIABLE = YES;
				HEADER_SEARCH_PATHS = (
					"/Users/anthonjp/Library/Developer/Xcode/DerivedData/xmppws-drhgjkiwuucwuseedtmewrwezaqt/Build/Products/Release-iphonesimulator/usr/local/include/**",
					/usr/include/libxml2,
				);
				IPHONEOS_DEPLOYMENT_TARGET = 5.0;
				OTHER_LDFLAGS = (
					"-lxml2",
					"-ObjC",
				);
				SDKROOT = iphoneos;
				TARGETED_DEVICE_FAMILY = "1,2";
			};
			name = Debug;
		};
		AEE0CCEA1419577C0085DA61 /* Release */ = {
			isa = XCBuildConfiguration;
			buildSettings = {
				ALWAYS_SEARCH_USER_PATHS = YES;
				ARCHS = "$(ARCHS_STANDARD_32_BIT)";
				CLANG_ENABLE_OBJC_ARC = YES;
				"CODE_SIGN_IDENTITY[sdk=iphoneos*]" = "iPhone Developer";
				COPY_PHASE_STRIP = YES;
				GCC_C_LANGUAGE_STANDARD = gnu99;
				GCC_VERSION = com.apple.compilers.llvm.clang.1_0;
				GCC_WARN_ABOUT_MISSING_PROTOTYPES = YES;
				GCC_WARN_ABOUT_RETURN_TYPE = YES;
				GCC_WARN_UNUSED_VARIABLE = YES;
				HEADER_SEARCH_PATHS = (
					"/Users/anthonjp/Library/Developer/Xcode/DerivedData/xmppws-drhgjkiwuucwuseedtmewrwezaqt/Build/Products/Release-iphonesimulator/usr/local/include/**",
					/usr/include/libxml2,
				);
				IPHONEOS_DEPLOYMENT_TARGET = 5.0;
				OTHER_CFLAGS = "-DNS_BLOCK_ASSERTIONS=1";
				OTHER_LDFLAGS = (
					"-lxml2",
					"-ObjC",
				);
				SDKROOT = iphoneos;
				TARGETED_DEVICE_FAMILY = "1,2";
				VALIDATE_PRODUCT = YES;
			};
			name = Release;
		};
		AEE0CCEC1419577C0085DA61 /* Debug */ = {
			isa = XCBuildConfiguration;
			buildSettings = {
				GCC_PRECOMPILE_PREFIX_HEADER = YES;
				GCC_PREFIX_HEADER = "SciHub-ios/SciHub-ios-Prefix.pch";
				INFOPLIST_FILE = "SciHub-ios/SciHub-ios-Info.plist";
				LIBRARY_SEARCH_PATHS = (
					"$(inherited)",
					"\"$(SRCROOT)/../../../../../Library/Developer/Xcode/DerivedData/xmppws-drhgjkiwuucwuseedtmewrwezaqt/Build/Products/Debug-iphoneos\"",
				);
				PRODUCT_NAME = "$(TARGET_NAME)";
				WRAPPER_EXTENSION = app;
			};
			name = Debug;
		};
		AEE0CCED1419577C0085DA61 /* Release */ = {
			isa = XCBuildConfiguration;
			buildSettings = {
				GCC_PRECOMPILE_PREFIX_HEADER = YES;
				GCC_PREFIX_HEADER = "SciHub-ios/SciHub-ios-Prefix.pch";
				INFOPLIST_FILE = "SciHub-ios/SciHub-ios-Info.plist";
				LIBRARY_SEARCH_PATHS = (
					"$(inherited)",
					"\"$(SRCROOT)/../../../../../Library/Developer/Xcode/DerivedData/xmppws-drhgjkiwuucwuseedtmewrwezaqt/Build/Products/Debug-iphoneos\"",
				);
				PRODUCT_NAME = "$(TARGET_NAME)";
				WRAPPER_EXTENSION = app;
			};
			name = Release;
		};
/* End XCBuildConfiguration section */

/* Begin XCConfigurationList section */
		AEE0CCC41419577B0085DA61 /* Build configuration list for PBXProject "SciHub-ios" */ = {
			isa = XCConfigurationList;
			buildConfigurations = (
				AEE0CCE91419577C0085DA61 /* Debug */,
				AEE0CCEA1419577C0085DA61 /* Release */,
			);
			defaultConfigurationIsVisible = 0;
			defaultConfigurationName = Release;
		};
		AEE0CCEB1419577C0085DA61 /* Build configuration list for PBXNativeTarget "SciHub-ios" */ = {
			isa = XCConfigurationList;
			buildConfigurations = (
				AEE0CCEC1419577C0085DA61 /* Debug */,
				AEE0CCED1419577C0085DA61 /* Release */,
			);
			defaultConfigurationIsVisible = 0;
			defaultConfigurationName = Release;
		};
/* End XCConfigurationList section */
	};
	rootObject = AEE0CCC11419577B0085DA61 /* Project object */;
}
